<?xml version="1.0" encoding="utf-8"?>
<Project ToolsVersion="4.0" xmlns="http://schemas.microsoft.com/developer/msbuild/2003">
  <ItemGroup>
    <Filter Include="Source Files">
      <UniqueIdentifier>{4FC737F1-C7A5-4376-A066-2A32D752A2FF}</UniqueIdentifier>
      <Extensions>cpp;c;cc;cxx;c++;cppm;ixx;def;odl;idl;hpj;bat;asm;asmx</Extensions>
    </Filter>
    <Filter Include="Header Files">
      <UniqueIdentifier>{93995380-89BD-4b04-88EB-625FBE52EBFB}</UniqueIdentifier>
      <Extensions>h;hh;hpp;hxx;h++;hm;inl;inc;ipp;xsd</Extensions>
    </Filter>
    <Filter Include="Resource Files">
      <UniqueIdentifier>{67DA6AB6-F800-4c08-8B7A-83BB121AAD01}</UniqueIdentifier>
      <Extensions>rc;ico;cur;bmp;dlg;rc2;rct;bin;rgs;gif;jpg;jpeg;jpe;resx;tiff;tif;png;wav;mfcribbon-ms</Extensions>
    </Filter>
  </ItemGroup>
  <ItemGroup>
    <ClInclude Include="MFCApplication.h">
      <Filter>Header Files</Filter>
    </ClInclude>
    <ClInclude Include="MFCApplicationDlg.h">
      <Filter>Header Files</Filter>
    </ClInclude>
    <ClInclude Include="framework.h">
      <Filter>Header Files</Filter>
    </ClInclude>
    <ClInclude Include="targetver.h">
      <Filter>Header Files</Filter>
    </ClInclude>
    <ClInclude Include="Resource.h">
      <Filter>Header Files</Filter>
    </ClInclude>
    <ClInclude Include="pch.h">
      <Filter>Header Files</Filter>
    </ClInclude>
    <ClInclude Include="CTabReference.h">
      <Filter>Header Files</Filter>
    </ClInclude>
    <ClInclude Include="CTabControl.h">
      <Filter>Header Files</Filter>
    </ClInclude>
    <ClInclude Include="Library.h">
      <Filter>Header Files</Filter>
    </ClInclude>
    <ClInclude Include="Student.h">
      <Filter>Header Files</Filter>
    </ClInclude>
    <ClInclude Include="Subject.h">
      <Filter>Header Files</Filter>
    </ClInclude>
    <ClInclude Include="Score.h">
      <Filter>Header Files</Filter>
    </ClInclude>
    <ClInclude Include="CUpdateStudent.h">
      <Filter>Header Files</Filter>
    </ClInclude>
    <ClInclude Include="CUpdateSubject.h">
      <Filter>Header Files</Filter>
    </ClInclude>
    <ClInclude Include="CUpdateScore.h">
      <Filter>Header Files</Filter>
    </ClInclude>
    <ClInclude Include="CTabStudent.h">
      <Filter>Header Files</Filter>
    </ClInclude>
    <ClInclude Include="CTabSubject.h">
      <Filter>Header Files</Filter>
    </ClInclude>
    <ClInclude Include="CTabScore.h">
      <Filter>Header Files</Filter>
    </ClInclude>
    <ClInclude Include="CListMethods.h">
      <Filter>Header Files</Filter>
    </ClInclude>
    <ClInclude Include="CStudentTable.h">
      <Filter>Header Files</Filter>
    </ClInclude>
    <ClInclude Include="CSubjectTable.h">
      <Filter>Header Files</Filter>
    </ClInclude>
    <ClInclude Include="CScoreTable.h">
      <Filter>Header Files</Filter>
    </ClInclude>
    <ClInclude Include="CParentTable.h">
      <Filter>Header Files</Filter>
    </ClInclude>
    <ClInclude Include="CParent.h">
      <Filter>Header Files</Filter>
    </ClInclude>
    <ClInclude Include="CParentDlg.h">
      <Filter>Header Files</Filter>
    </ClInclude>
  </ItemGroup>
  <ItemGroup>
    <ClCompile Include="MFCApplication.cpp">
      <Filter>Source Files</Filter>
    </ClCompile>
    <ClCompile Include="MFCApplicationDlg.cpp">
      <Filter>Source Files</Filter>
    </ClCompile>
    <ClCompile Include="pch.cpp">
      <Filter>Source Files</Filter>
    </ClCompile>
    <ClCompile Include="CTabReference.cpp">
      <Filter>Source Files</Filter>
    </ClCompile>
    <ClCompile Include="CTabControl.cpp">
      <Filter>Source Files</Filter>
    </ClCompile>
    <ClCompile Include="Student.cpp">
      <Filter>Source Files</Filter>
    </ClCompile>
    <ClCompile Include="Library.cpp">
      <Filter>Source Files</Filter>
    </ClCompile>
    <ClCompile Include="Subject.cpp">
      <Filter>Source Files</Filter>
    </ClCompile>
    <ClCompile Include="Score.cpp">
      <Filter>Source Files</Filter>
    </ClCompile>
    <ClCompile Include="CUpdateStudent.cpp">
      <Filter>Source Files</Filter>
    </ClCompile>
    <ClCompile Include="CUpdateSubject.cpp">
      <Filter>Source Files</Filter>
    </ClCompile>
    <ClCompile Include="CUpdateScore.cpp">
      <Filter>Source Files</Filter>
    </ClCompile>
    <ClCompile Include="CTabStudent.cpp">
      <Filter>Source Files</Filter>
    </ClCompile>
    <ClCompile Include="CTabSubject.cpp">
      <Filter>Source Files</Filter>
    </ClCompile>
    <ClCompile Include="CTabScore.cpp">
      <Filter>Source Files</Filter>
    </ClCompile>
    <ClCompile Include="CListMethods.cpp">
      <Filter>Source Files</Filter>
    </ClCompile>
    <ClCompile Include="CStudentTable.cpp">
      <Filter>Source Files</Filter>
    </ClCompile>
    <ClCompile Include="CSubjectTable.cpp">
      <Filter>Source Files</Filter>
    </ClCompile>
    <ClCompile Include="CScoreTable.cpp">
      <Filter>Source Files</Filter>
    </ClCompile>
    <ClCompile Include="CParentTable.cpp">
      <Filter>Source Files</Filter>
    </ClCompile>
    <ClCompile Include="CParent.cpp">
      <Filter>Source Files</Filter>
    </ClCompile>
    <ClCompile Include="CParentDlg.cpp">
      <Filter>Source Files</Filter>
    </ClCompile>
  </ItemGroup>
  <ItemGroup>
    <ResourceCompile Include="MFCApplication.rc">
      <Filter>Resource Files</Filter>
    </ResourceCompile>
  </ItemGroup>
  <ItemGroup>
    <None Include="res\MFCApplication.rc2">
      <Filter>Resource Files</Filter>
    </None>
  </ItemGroup>
  <ItemGroup>
    <Image Include="res\MFCApplication.ico">
      <Filter>Resource Files</Filter>
    </Image>
    <Image Include="..\..\..\..\Downloads\Graphicloads-Colorful-Long-Shadow-Diary.ico">
      <Filter>Resource Files</Filter>
    </Image>
    <Image Include="res\Graphicloads-Colorful-Long-Shadow-Diary.ico">
      <Filter>Resource Files</Filter>
    </Image>
  </ItemGroup>
</Project>